{
  "requires": true,
  "lockfileVersion": 1,
  "dependencies": {
    "@types/geojson": {
      "version": "7946.0.4",
      "resolved": "https://registry.npmjs.org/@types/geojson/-/geojson-7946.0.4.tgz",
      "integrity": "sha512-MHmwBtCb7OCv1DSivz2UNJXPGU/1btAWRKlqJ2saEhVJkpkvqHMMaOpKg0v4sAbDWSQekHGvPVMM8nQ+Jen03Q=="
    },
    "@types/highcharts": {
      "version": "4.2.57",
      "resolved": "https://registry.npmjs.org/@types/highcharts/-/highcharts-4.2.57.tgz",
      "integrity": "sha512-8/RF3I2Zy4I8ll9Ksa+wTbHA7ne/OHilmaTBQTVpQdNtOX6dL7EWFXfcfwiXQAfL+0r48LifHjYDmqug0t8mQA==",
      "requires": {
        "@types/geojson": "*"
      }
    },
    "angular2-highcharts": {
      "version": "0.5.5",
      "resolved": "https://registry.npmjs.org/angular2-highcharts/-/angular2-highcharts-0.5.5.tgz",
      "integrity": "sha1-9KGeqW1jUkQg/VxlE2rAJ7BSZv0=",
      "requires": {
        "@types/highcharts": "^4.2.47",
        "highcharts": "^5.0.7"
      }
    },
    "highcharts": {
      "version": "5.0.15",
      "resolved": "http://registry.npmjs.org/highcharts/-/highcharts-5.0.15.tgz",
      "integrity": "sha512-+LTe57ntLyWgkjsHzLmvRspM3FVKtds7iDswOTwuTAmZD3FtG1I/DqHiVSRjX92RQmQMZ1M7dcoRb7T648m1xA=="
    }
  }
}
